// !$*UTF8*$!
{
	archiveVersion = 1;
	classes = {
	};
	objectVersion = 50;
	objects = {

/* Begin PBXBuildFile section */
		0A24C1742373B70D00870EF1 /* tako.png in Resources */ = {isa = PBXBuildFile; fileRef = 0A24C1732373B70D00870EF1 /* tako.png */; };
		502B0A4F2377AEB7003A46A0 /* image.png in Resources */ = {isa = PBXBuildFile; fileRef = 502B0A4E2377AEB7003A46A0 /* image.png */; };
		507DA0C72365E7D300B120FD /* AppDelegate.swift in Sources */ = {isa = PBXBuildFile; fileRef = 507DA0C62365E7D300B120FD /* AppDelegate.swift */; };
		507DA0C92365E7D300B120FD /* SceneDelegate.swift in Sources */ = {isa = PBXBuildFile; fileRef = 507DA0C82365E7D300B120FD /* SceneDelegate.swift */; };
		507DA0CB2365E7D300B120FD /* ViewController.swift in Sources */ = {isa = PBXBuildFile; fileRef = 507DA0CA2365E7D300B120FD /* ViewController.swift */; };
		507DA0CE2365E7D300B120FD /* Main.storyboard in Resources */ = {isa = PBXBuildFile; fileRef = 507DA0CC2365E7D300B120FD /* Main.storyboard */; };
		507DA0D02365E7D400B120FD /* Assets.xcassets in Resources */ = {isa = PBXBuildFile; fileRef = 507DA0CF2365E7D400B120FD /* Assets.xcassets */; };
		507DA0D32365E7D400B120FD /* LaunchScreen.storyboard in Resources */ = {isa = PBXBuildFile; fileRef = 507DA0D12365E7D400B120FD /* LaunchScreen.storyboard */; };
		507DA0DE2365E7D500B120FD /* creatorProjectTests.swift in Sources */ = {isa = PBXBuildFile; fileRef = 507DA0DD2365E7D500B120FD /* creatorProjectTests.swift */; };
		507DA0E92365E7D500B120FD /* creatorProjectUITests.swift in Sources */ = {isa = PBXBuildFile; fileRef = 507DA0E82365E7D500B120FD /* creatorProjectUITests.swift */; };
		50816B82237141CA0035D906 /* sreenshotA.png in Resources */ = {isa = PBXBuildFile; fileRef = 50816B81237141C90035D906 /* sreenshotA.png */; };
		50816B8823714DFE0035D906 /* editingPageViewController.swift in Sources */ = {isa = PBXBuildFile; fileRef = 50816B8723714DFE0035D906 /* editingPageViewController.swift */; };
/* End PBXBuildFile section */

/* Begin PBXContainerItemProxy section */
		507DA0DA2365E7D500B120FD /* PBXContainerItemProxy */ = {
			isa = PBXContainerItemProxy;
			containerPortal = 507DA0BB2365E7D300B120FD /* Project object */;
			proxyType = 1;
			remoteGlobalIDString = 507DA0C22365E7D300B120FD;
			remoteInfo = creatorProject;
		};
		507DA0E52365E7D500B120FD /* PBXContainerItemProxy */ = {
			isa = PBXContainerItemProxy;
			containerPortal = 507DA0BB2365E7D300B120FD /* Project object */;
			proxyType = 1;
			remoteGlobalIDString = 507DA0C22365E7D300B120FD;
			remoteInfo = creatorProject;
		};
/* End PBXContainerItemProxy section */

/* Begin PBXFileReference section */
		0A24C1732373B70D00870EF1 /* tako.png */ = {isa = PBXFileReference; lastKnownFileType = image.png; path = tako.png; sourceTree = "<group>"; };
		502B0A4E2377AEB7003A46A0 /* image.png */ = {isa = PBXFileReference; lastKnownFileType = image.png; path = image.png; sourceTree = "<group>"; };
		507DA0C32365E7D300B120FD /* creatorProject.app */ = {isa = PBXFileReference; explicitFileType = wrapper.application; includeInIndex = 0; path = creatorProject.app; sourceTree = BUILT_PRODUCTS_DIR; };
		507DA0C62365E7D300B120FD /* AppDelegate.swift */ = {isa = PBXFileReference; lastKnownFileType = sourcecode.swift; path = AppDelegate.swift; sourceTree = "<group>"; };
		507DA0C82365E7D300B120FD /* SceneDelegate.swift */ = {isa = PBXFileReference; lastKnownFileType = sourcecode.swift; path = SceneDelegate.swift; sourceTree = "<group>"; };
		507DA0CA2365E7D300B120FD /* ViewController.swift */ = {isa = PBXFileReference; lastKnownFileType = sourcecode.swift; path = ViewController.swift; sourceTree = "<group>"; };
		507DA0CD2365E7D300B120FD /* Base */ = {isa = PBXFileReference; lastKnownFileType = file.storyboard; name = Base; path = Base.lproj/Main.storyboard; sourceTree = "<group>"; };
		507DA0CF2365E7D400B120FD /* Assets.xcassets */ = {isa = PBXFileReference; lastKnownFileType = folder.assetcatalog; path = Assets.xcassets; sourceTree = "<group>"; };
		507DA0D22365E7D400B120FD /* Base */ = {isa = PBXFileReference; lastKnownFileType = file.storyboard; name = Base; path = Base.lproj/LaunchScreen.storyboard; sourceTree = "<group>"; };
		507DA0D42365E7D400B120FD /* Info.plist */ = {isa = PBXFileReference; lastKnownFileType = text.plist.xml; path = Info.plist; sourceTree = "<group>"; };
		507DA0D92365E7D500B120FD /* creatorProjectTests.xctest */ = {isa = PBXFileReference; explicitFileType = wrapper.cfbundle; includeInIndex = 0; path = creatorProjectTests.xctest; sourceTree = BUILT_PRODUCTS_DIR; };
		507DA0DD2365E7D500B120FD /* creatorProjectTests.swift */ = {isa = PBXFileReference; lastKnownFileType = sourcecode.swift; path = creatorProjectTests.swift; sourceTree = "<group>"; };
		507DA0DF2365E7D500B120FD /* Info.plist */ = {isa = PBXFileReference; lastKnownFileType = text.plist.xml; path = Info.plist; sourceTree = "<group>"; };
		507DA0E42365E7D500B120FD /* creatorProjectUITests.xctest */ = {isa = PBXFileReference; explicitFileType = wrapper.cfbundle; includeInIndex = 0; path = creatorProjectUITests.xctest; sourceTree = BUILT_PRODUCTS_DIR; };
		507DA0E82365E7D500B120FD /* creatorProjectUITests.swift */ = {isa = PBXFileReference; lastKnownFileType = sourcecode.swift; path = creatorProjectUITests.swift; sourceTree = "<group>"; };
		507DA0EA2365E7D500B120FD /* Info.plist */ = {isa = PBXFileReference; lastKnownFileType = text.plist.xml; path = Info.plist; sourceTree = "<group>"; };
		50816B81237141C90035D906 /* sreenshotA.png */ = {isa = PBXFileReference; lastKnownFileType = image.png; path = sreenshotA.png; sourceTree = "<group>"; };
		50816B8723714DFE0035D906 /* editingPageViewController.swift */ = {isa = PBXFileReference; lastKnownFileType = sourcecode.swift; path = editingPageViewController.swift; sourceTree = "<group>"; };
/* End PBXFileReference section */

/* Begin PBXFrameworksBuildPhase section */
		507DA0C02365E7D300B120FD /* Frameworks */ = {
			isa = PBXFrameworksBuildPhase;
			buildActionMask = 2147483647;
			files = (
			);
			runOnlyForDeploymentPostprocessing = 0;
		};
		507DA0D62365E7D500B120FD /* Frameworks */ = {
			isa = PBXFrameworksBuildPhase;
			buildActionMask = 2147483647;
			files = (
			);
			runOnlyForDeploymentPostprocessing = 0;
		};
		507DA0E12365E7D500B120FD /* Frameworks */ = {
			isa = PBXFrameworksBuildPhase;
			buildActionMask = 2147483647;
			files = (
			);
			runOnlyForDeploymentPostprocessing = 0;
		};
/* End PBXFrameworksBuildPhase section */

/* Begin PBXGroup section */
		507DA0BA2365E7D300B120FD = {
			isa = PBXGroup;
			children = (
				507DA0C52365E7D300B120FD /* creatorProject */,
				507DA0DC2365E7D500B120FD /* creatorProjectTests */,
				507DA0E72365E7D500B120FD /* creatorProjectUITests */,
				507DA0C42365E7D300B120FD /* Products */,
			);
			sourceTree = "<group>";
		};
		507DA0C42365E7D300B120FD /* Products */ = {
			isa = PBXGroup;
			children = (
				507DA0C32365E7D300B120FD /* creatorProject.app */,
				507DA0D92365E7D500B120FD /* creatorProjectTests.xctest */,
				507DA0E42365E7D500B120FD /* creatorProjectUITests.xctest */,
			);
			name = Products;
			sourceTree = "<group>";
		};
		507DA0C52365E7D300B120FD /* creatorProject */ = {
			isa = PBXGroup;
			children = (
				50816B8723714DFE0035D906 /* editingPageViewController.swift */,
				507DA0C62365E7D300B120FD /* AppDelegate.swift */,
				507DA0C82365E7D300B120FD /* SceneDelegate.swift */,
				507DA0CA2365E7D300B120FD /* ViewController.swift */,
				507DA0CC2365E7D300B120FD /* Main.storyboard */,
				507DA0CF2365E7D400B120FD /* Assets.xcassets */,
				507DA0D12365E7D400B120FD /* LaunchScreen.storyboard */,
				507DA0D42365E7D400B120FD /* Info.plist */,
				50816B81237141C90035D906 /* sreenshotA.png */,
				0A24C1732373B70D00870EF1 /* tako.png */,
				502B0A4E2377AEB7003A46A0 /* image.png */,
			);
			path = creatorProject;
			sourceTree = "<group>";
		};
		507DA0DC2365E7D500B120FD /* creatorProjectTests */ = {
			isa = PBXGroup;
			children = (
				507DA0DD2365E7D500B120FD /* creatorProjectTests.swift */,
				507DA0DF2365E7D500B120FD /* Info.plist */,
			);
			path = creatorProjectTests;
			sourceTree = "<group>";
		};
		507DA0E72365E7D500B120FD /* creatorProjectUITests */ = {
			isa = PBXGroup;
			children = (
				507DA0E82365E7D500B120FD /* creatorProjectUITests.swift */,
				507DA0EA2365E7D500B120FD /* Info.plist */,
			);
			path = creatorProjectUITests;
			sourceTree = "<group>";
		};
/* End PBXGroup section */

/* Begin PBXNativeTarget section */
		507DA0C22365E7D300B120FD /* creatorProject */ = {
			isa = PBXNativeTarget;
			buildConfigurationList = 507DA0ED2365E7D500B120FD /* Build configuration list for PBXNativeTarget "creatorProject" */;
			buildPhases = (
				507DA0BF2365E7D300B120FD /* Sources */,
				507DA0C02365E7D300B120FD /* Frameworks */,
				507DA0C12365E7D300B120FD /* Resources */,
			);
			buildRules = (
			);
			dependencies = (
			);
			name = creatorProject;
			productName = creatorProject;
			productReference = 507DA0C32365E7D300B120FD /* creatorProject.app */;
			productType = "com.apple.product-type.application";
		};
		507DA0D82365E7D500B120FD /* creatorProjectTests */ = {
			isa = PBXNativeTarget;
			buildConfigurationList = 507DA0F02365E7D500B120FD /* Build configuration list for PBXNativeTarget "creatorProjectTests" */;
			buildPhases = (
				507DA0D52365E7D500B120FD /* Sources */,
				507DA0D62365E7D500B120FD /* Frameworks */,
				507DA0D72365E7D500B120FD /* Resources */,
			);
			buildRules = (
			);
			dependencies = (
				507DA0DB2365E7D500B120FD /* PBXTargetDependency */,
			);
			name = creatorProjectTests;
			productName = creatorProjectTests;
			productReference = 507DA0D92365E7D500B120FD /* creatorProjectTests.xctest */;
			productType = "com.apple.product-type.bundle.unit-test";
		};
		507DA0E32365E7D500B120FD /* creatorProjectUITests */ = {
			isa = PBXNativeTarget;
			buildConfigurationList = 507DA0F32365E7D500B120FD /* Build configuration list for PBXNativeTarget "creatorProjectUITests" */;
			buildPhases = (
				507DA0E02365E7D500B120FD /* Sources */,
				507DA0E12365E7D500B120FD /* Frameworks */,
				507DA0E22365E7D500B120FD /* Resources */,
			);
			buildRules = (
			);
			dependencies = (
				507DA0E62365E7D500B120FD /* PBXTargetDependency */,
			);
			name = creatorProjectUITests;
			productName = creatorProjectUITests;
			productReference = 507DA0E42365E7D500B120FD /* creatorProjectUITests.xctest */;
			productType = "com.apple.product-type.bundle.ui-testing";
		};
/* End PBXNativeTarget section */

/* Begin PBXProject section */
		507DA0BB2365E7D300B120FD /* Project object */ = {
			isa = PBXProject;
			attributes = {
				LastSwiftUpdateCheck = 1110;
				LastUpgradeCheck = 1110;
				ORGANIZATIONNAME = GuantingLiu;
				TargetAttributes = {
					507DA0C22365E7D300B120FD = {
						CreatedOnToolsVersion = 11.1;
					};
					507DA0D82365E7D500B120FD = {
						CreatedOnToolsVersion = 11.1;
						TestTargetID = 507DA0C22365E7D300B120FD;
					};
					507DA0E32365E7D500B120FD = {
						CreatedOnToolsVersion = 11.1;
						TestTargetID = 507DA0C22365E7D300B120FD;
					};
				};
			};
			buildConfigurationList = 507DA0BE2365E7D300B120FD /* Build configuration list for PBXProject "creatorProject" */;
			compatibilityVersion = "Xcode 9.3";
			developmentRegion = en;
			hasScannedForEncodings = 0;
			knownRegions = (
				en,
				Base,
			);
			mainGroup = 507DA0BA2365E7D300B120FD;
			productRefGroup = 507DA0C42365E7D300B120FD /* Products */;
			projectDirPath = "";
			projectRoot = "";
			targets = (
				507DA0C22365E7D300B120FD /* creatorProject */,
				507DA0D82365E7D500B120FD /* creatorProjectTests */,
				507DA0E32365E7D500B120FD /* creatorProjectUITests */,
			);
		};
/* End PBXProject section */

/* Begin PBXResourcesBuildPhase section */
		507DA0C12365E7D300B120FD /* Resources */ = {
			isa = PBXResourcesBuildPhase;
			buildActionMask = 2147483647;
			files = (
				507DA0D32365E7D400B120FD /* LaunchScreen.storyboard in Resources */,
				0A24C1742373B70D00870EF1 /* tako.png in Resources */,
				507DA0D02365E7D400B120FD /* Assets.xcassets in Resources */,
				50816B82237141CA0035D906 /* sreenshotA.png in Resources */,
				507DA0CE2365E7D300B120FD /* Main.storyboard in Resources */,
				502B0A4F2377AEB7003A46A0 /* image.png in Resources */,
			);
			runOnlyForDeploymentPostprocessing = 0;
		};
		507DA0D72365E7D500B120FD /* Resources */ = {
			isa = PBXResourcesBuildPhase;
			buildActionMask = 2147483647;
			files = (
			);
			runOnlyForDeploymentPostprocessing = 0;
		};
		507DA0E22365E7D500B120FD /* Resources */ = {
			isa = PBXResourcesBuildPhase;
			buildActionMask = 2147483647;
			files = (
			);
			runOnlyForDeploymentPostprocessing = 0;
		};
/* End PBXResourcesBuildPhase section */

/* Begin PBXSourcesBuildPhase section */
		507DA0BF2365E7D300B120FD /* Sources */ = {
			isa = PBXSourcesBuildPhase;
			buildActionMask = 2147483647;
			files = (
				507DA0CB2365E7D300B120FD /* ViewController.swift in Sources */,
				507DA0C72365E7D300B120FD /* AppDelegate.swift in Sources */,
				50816B8823714DFE0035D906 /* editingPageViewController.swift in Sources */,
				507DA0C92365E7D300B120FD /* SceneDelegate.swift in Sources */,
			);
			runOnlyForDeploymentPostprocessing = 0;
		};
		507DA0D52365E7D500B120FD /* Sources */ = {
			isa = PBXSourcesBuildPhase;
			buildActionMask = 2147483647;
			files = (
				507DA0DE2365E7D500B120FD /* creatorProjectTests.swift in Sources */,
			);
			runOnlyForDeploymentPostprocessing = 0;
		};
		507DA0E02365E7D500B120FD /* Sources */ = {
			isa = PBXSourcesBuildPhase;
			buildActionMask = 2147483647;
			files = (
				507DA0E92365E7D500B120FD /* creatorProjectUITests.swift in Sources */,
			);
			runOnlyForDeploymentPostprocessing = 0;
		};
/* End PBXSourcesBuildPhase section */

/* Begin PBXTargetDependency section */
		507DA0DB2365E7D500B120FD /* PBXTargetDependency */ = {
			isa = PBXTargetDependency;
			target = 507DA0C22365E7D300B120FD /* creatorProject */;
			targetProxy = 507DA0DA2365E7D500B120FD /* PBXContainerItemProxy */;
		};
		507DA0E62365E7D500B120FD /* PBXTargetDependency */ = {
			isa = PBXTargetDependency;
			target = 507DA0C22365E7D300B120FD /* creatorProject */;
			targetProxy = 507DA0E52365E7D500B120FD /* PBXContainerItemProxy */;
		};
/* End PBXTargetDependency section */

/* Begin PBXVariantGroup section */
		507DA0CC2365E7D300B120FD /* Main.storyboard */ = {
			isa = PBXVariantGroup;
			children = (
				507DA0CD2365E7D300B120FD /* Base */,
			);
			name = Main.storyboard;
			sourceTree = "<group>";
		};
		507DA0D12365E7D400B120FD /* LaunchScreen.storyboard */ = {
			isa = PBXVariantGroup;
			children = (
				507DA0D22365E7D400B120FD /* Base */,
			);
			name = LaunchScreen.storyboard;
			sourceTree = "<group>";
		};
/* End PBXVariantGroup section */

/* Begin XCBuildConfiguration section */
		507DA0EB2365E7D500B120FD /* Debug */ = {
			isa = XCBuildConfiguration;
			buildSettings = {
				ALWAYS_SEARCH_USER_PATHS = NO;
				CLANG_ANALYZER_NONNULL = YES;
				CLANG_ANALYZER_NUMBER_OBJECT_CONVERSION = YES_AGGRESSIVE;
				CLANG_CXX_LANGUAGE_STANDARD = "gnu++14";
				CLANG_CXX_LIBRARY = "libc++";
				CLANG_ENABLE_MODULES = YES;
				CLANG_ENABLE_OBJC_ARC = YES;
				CLANG_ENABLE_OBJC_WEAK = YES;
				CLANG_WARN_BLOCK_CAPTURE_AUTORELEASING = YES;
				CLANG_WARN_BOOL_CONVERSION = YES;
				CLANG_WARN_COMMA = YES;
				CLANG_WARN_CONSTANT_CONVERSION = YES;
				CLANG_WARN_DEPRECATED_OBJC_IMPLEMENTATIONS = YES;
				CLANG_WARN_DIRECT_OBJC_ISA_USAGE = YES_ERROR;
				CLANG_WARN_DOCUMENTATION_COMMENTS = YES;
				CLANG_WARN_EMPTY_BODY = YES;
				CLANG_WARN_ENUM_CONVERSION = YES;
				CLANG_WARN_INFINITE_RECURSION = YES;
				CLANG_WARN_INT_CONVERSION = YES;
				CLANG_WARN_NON_LITERAL_NULL_CONVERSION = YES;
				CLANG_WARN_OBJC_IMPLICIT_RETAIN_SELF = YES;
				CLANG_WARN_OBJC_LITERAL_CONVERSION = YES;
				CLANG_WARN_OBJC_ROOT_CLASS = YES_ERROR;
				CLANG_WARN_RANGE_LOOP_ANALYSIS = YES;
				CLANG_WARN_STRICT_PROTOTYPES = YES;
				CLANG_WARN_SUSPICIOUS_MOVE = YES;
				CLANG_WARN_UNGUARDED_AVAILABILITY = YES_AGGRESSIVE;
				CLANG_WARN_UNREACHABLE_CODE = YES;
				CLANG_WARN__DUPLICATE_METHOD_MATCH = YES;
				COPY_PHASE_STRIP = NO;
				DEBUG_INFORMATION_FORMAT = dwarf;
				ENABLE_STRICT_OBJC_MSGSEND = YES;
				ENABLE_TESTABILITY = YES;
				GCC_C_LANGUAGE_STANDARD = gnu11;
				GCC_DYNAMIC_NO_PIC = NO;
				GCC_NO_COMMON_BLOCKS = YES;
				GCC_OPTIMIZATION_LEVEL = 0;
				GCC_PREPROCESSOR_DEFINITIONS = (
					"DEBUG=1",
					"$(inherited)",
				);
				GCC_WARN_64_TO_32_BIT_CONVERSION = YES;
				GCC_WARN_ABOUT_RETURN_TYPE = YES_ERROR;
				GCC_WARN_UNDECLARED_SELECTOR = YES;
				GCC_WARN_UNINITIALIZED_AUTOS = YES_AGGRESSIVE;
				GCC_WARN_UNUSED_FUNCTION = YES;
				GCC_WARN_UNUSED_VARIABLE = YES;
				IPHONEOS_DEPLOYMENT_TARGET = 13.1;
				MTL_ENABLE_DEBUG_INFO = INCLUDE_SOURCE;
				MTL_FAST_MATH = YES;
				ONLY_ACTIVE_ARCH = YES;
				SDKROOT = iphoneos;
				SWIFT_ACTIVE_COMPILATION_CONDITIONS = DEBUG;
				SWIFT_OPTIMIZATION_LEVEL = "-Onone";
			};
			name = Debug;
		};
		507DA0EC2365E7D500B120FD /* Release */ = {
			isa = XCBuildConfiguration;
			buildSettings = {
				ALWAYS_SEARCH_USER_PATHS = NO;
				CLANG_ANALYZER_NONNULL = YES;
				CLANG_ANALYZER_NUMBER_OBJECT_CONVERSION = YES_AGGRESSIVE;
				CLANG_CXX_LANGUAGE_STANDARD = "gnu++14";
				CLANG_CXX_LIBRARY = "libc++";
				CLANG_ENABLE_MODULES = YES;
				CLANG_ENABLE_OBJC_ARC = YES;
				CLANG_ENABLE_OBJC_WEAK = YES;
				CLANG_WARN_BLOCK_CAPTURE_AUTORELEASING = YES;
				CLANG_WARN_BOOL_CONVERSION = YES;
				CLANG_WARN_COMMA = YES;
				CLANG_WARN_CONSTANT_CONVERSION = YES;
				CLANG_WARN_DEPRECATED_OBJC_IMPLEMENTATIONS = YES;
				CLANG_WARN_DIRECT_OBJC_ISA_USAGE = YES_ERROR;
				CLANG_WARN_DOCUMENTATION_COMMENTS = YES;
				CLANG_WARN_EMPTY_BODY = YES;
				CLANG_WARN_ENUM_CONVERSION = YES;
				CLANG_WARN_INFINITE_RECURSION = YES;
				CLANG_WARN_INT_CONVERSION = YES;
				CLANG_WARN_NON_LITERAL_NULL_CONVERSION = YES;
				CLANG_WARN_OBJC_IMPLICIT_RETAIN_SELF = YES;
				CLANG_WARN_OBJC_LITERAL_CONVERSION = YES;
				CLANG_WARN_OBJC_ROOT_CLASS = YES_ERROR;
				CLANG_WARN_RANGE_LOOP_ANALYSIS = YES;
				CLANG_WARN_STRICT_PROTOTYPES = YES;
				CLANG_WARN_SUSPICIOUS_MOVE = YES;
				CLANG_WARN_UNGUARDED_AVAILABILITY = YES_AGGRESSIVE;
				CLANG_WARN_UNREACHABLE_CODE = YES;
				CLANG_WARN__DUPLICATE_METHOD_MATCH = YES;
				COPY_PHASE_STRIP = NO;
				DEBUG_INFORMATION_FORMAT = "dwarf-with-dsym";
				ENABLE_NS_ASSERTIONS = NO;
				ENABLE_STRICT_OBJC_MSGSEND = YES;
				GCC_C_LANGUAGE_STANDARD = gnu11;
				GCC_NO_COMMON_BLOCKS = YES;
				GCC_WARN_64_TO_32_BIT_CONVERSION = YES;
				GCC_WARN_ABOUT_RETURN_TYPE = YES_ERROR;
				GCC_WARN_UNDECLARED_SELECTOR = YES;
				GCC_WARN_UNINITIALIZED_AUTOS = YES_AGGRESSIVE;
				GCC_WARN_UNUSED_FUNCTION = YES;
				GCC_WARN_UNUSED_VARIABLE = YES;
				IPHONEOS_DEPLOYMENT_TARGET = 13.1;
				MTL_ENABLE_DEBUG_INFO = NO;
				MTL_FAST_MATH = YES;
				SDKROOT = iphoneos;
				SWIFT_COMPILATION_MODE = wholemodule;
				SWIFT_OPTIMIZATION_LEVEL = "-O";
				VALIDATE_PRODUCT = YES;
			};
			name = Release;
		};
		507DA0EE2365E7D500B120FD /* Debug */ = {
			isa = XCBuildConfiguration;
			buildSettings = {
				ASSETCATALOG_COMPILER_APPICON_NAME = AppIcon;
				CODE_SIGN_STYLE = Automatic;
				DEVELOPMENT_TEAM = FHS23WF67U;
				INFOPLIST_FILE = creatorProject/Info.plist;
				LD_RUNPATH_SEARCH_PATHS = (
					"$(inherited)",
					"@executable_path/Frameworks",
				);
				PRODUCT_BUNDLE_IDENTIFIER = com.guantingliu.creatorProject;
				PRODUCT_NAME = "$(TARGET_NAME)";
				SWIFT_VERSION = 5.0;
				TARGETED_DEVICE_FAMILY = "1,2";
			};
			name = Debug;
		};
		507DA0EF2365E7D500B120FD /* Release */ = {
			isa = XCBuildConfiguration;
			buildSettings = {
				ASSETCATALOG_COMPILER_APPICON_NAME = AppIcon;
				CODE_SIGN_STYLE = Automatic;
				DEVELOPMENT_TEAM = FHS23WF67U;
				INFOPLIST_FILE = creatorProject/Info.plist;
				LD_RUNPATH_SEARCH_PATHS = (
					"$(inherited)",
					"@executable_path/Frameworks",
				);
				PRODUCT_BUNDLE_IDENTIFIER = com.guantingliu.creatorProject;
				PRODUCT_NAME = "$(TARGET_NAME)";
				SWIFT_VERSION = 5.0;
				TARGETED_DEVICE_FAMILY = "1,2";
			};
			name = Release;
		};
		507DA0F12365E7D500B120FD /* Debug */ = {
			isa = XCBuildConfiguration;
			buildSettings = {
				ALWAYS_EMBED_SWIFT_STANDARD_LIBRARIES = YES;
				BUNDLE_LOADER = "$(TEST_HOST)";
				CODE_SIGN_STYLE = Automatic;
				DEVELOPMENT_TEAM = FHS23WF67U;
				INFOPLIST_FILE = creatorProjectTests/Info.plist;
				IPHONEOS_DEPLOYMENT_TARGET = 13.1;
				LD_RUNPATH_SEARCH_PATHS = (
					"$(inherited)",
					"@executable_path/Frameworks",
					"@loader_path/Frameworks",
				);
				PRODUCT_BUNDLE_IDENTIFIER = com.guantingliu.creatorProjectTests;
				PRODUCT_NAME = "$(TARGET_NAME)";
				SWIFT_VERSION = 5.0;
				TARGETED_DEVICE_FAMILY = "1,2";
				TEST_HOST = "$(BUILT_PRODUCTS_DIR)/creatorProject.app/creatorProject";
			};
			name = Debug;
		};
		507DA0F22365E7D500B120FD /* Release */ = {
			isa = XCBuildConfiguration;
			buildSettings = {
				ALWAYS_EMBED_SWIFT_STANDARD_LIBRARIES = YES;
				BUNDLE_LOADER = "$(TEST_HOST)";
				CODE_SIGN_STYLE = Automatic;
				DEVELOPMENT_TEAM = FHS23WF67U;
				INFOPLIST_FILE = creatorProjectTests/Info.plist;
				IPHONEOS_DEPLOYMENT_TARGET = 13.1;
				LD_RUNPATH_SEARCH_PATHS = (
					"$(inherited)",
					"@executable_path/Frameworks",
					"@loader_path/Frameworks",
				);
				PRODUCT_BUNDLE_IDENTIFIER = com.guantingliu.creatorProjectTests;
				PRODUCT_NAME = "$(TARGET_NAME)";
				SWIFT_VERSION = 5.0;
				TARGETED_DEVICE_FAMILY = "1,2";
				TEST_HOST = "$(BUILT_PRODUCTS_DIR)/creatorProject.app/creatorProject";
			};
			name = Release;
		};
		507DA0F42365E7D500B120FD /* Debug */ = {
			isa = XCBuildConfiguration;
			buildSettings = {
				ALWAYS_EMBED_SWIFT_STANDARD_LIBRARIES = YES;
				CODE_SIGN_STYLE = Automatic;
				DEVELOPMENT_TEAM = FHS23WF67U;
				INFOPLIST_FILE = creatorProjectUITests/Info.plist;
				LD_RUNPATH_SEARCH_PATHS = (
					"$(inherited)",
					"@executable_path/Frameworks",
					"@loader_path/Frameworks",
				);
				PRODUCT_BUNDLE_IDENTIFIER = com.guantingliu.creatorProjectUITests;
				PRODUCT_NAME = "$(TARGET_NAME)";
				SWIFT_VERSION = 5.0;
				TARGETED_DEVICE_FAMILY = "1,2";
				TEST_TARGET_NAME = creatorProject;
			};
			name = Debug;
		};
		507DA0F52365E7D500B120FD /* Release */ = {
			isa = XCBuildConfiguration;
			buildSettings = {
				ALWAYS_EMBED_SWIFT_STANDARD_LIBRARIES = YES;
				CODE_SIGN_STYLE = Automatic;
				DEVELOPMENT_TEAM = FHS23WF67U;
				INFOPLIST_FILE = creatorProjectUITests/Info.plist;
				LD_RUNPATH_SEARCH_PATHS = (
					"$(inherited)",
					"@executable_path/Frameworks",
					"@loader_path/Frameworks",
				);
				PRODUCT_BUNDLE_IDENTIFIER = com.guantingliu.creatorProjectUITests;
				PRODUCT_NAME = "$(TARGET_NAME)";
				SWIFT_VERSION = 5.0;
				TARGETED_DEVICE_FAMILY = "1,2";
				TEST_TARGET_NAME = creatorProject;
			};
			name = Release;
		};
/* End XCBuildConfiguration section */

/* Begin XCConfigurationList section */
		507DA0BE2365E7D300B120FD /* Build configuration list for PBXProject "creatorProject" */ = {
			isa = XCConfigurationList;
			buildConfigurations = (
				507DA0EB2365E7D500B120FD /* Debug */,
				507DA0EC2365E7D500B120FD /* Release */,
			);
			defaultConfigurationIsVisible = 0;
			defaultConfigurationName = Release;
		};
		507DA0ED2365E7D500B120FD /* Build configuration list for PBXNativeTarget "creatorProject" */ = {
			isa = XCConfigurationList;
			buildConfigurations = (
				507DA0EE2365E7D500B120FD /* Debug */,
				507DA0EF2365E7D500B120FD /* Release */,
			);
			defaultConfigurationIsVisible = 0;
			defaultConfigurationName = Release;
		};
		507DA0F02365E7D500B120FD /* Build configuration list for PBXNativeTarget "creatorProjectTests" */ = {
			isa = XCConfigurationList;
			buildConfigurations = (
				507DA0F12365E7D500B120FD /* Debug */,
				507DA0F22365E7D500B120FD /* Release */,
			);
			defaultConfigurationIsVisible = 0;
			defaultConfigurationName = Release;
		};
		507DA0F32365E7D500B120FD /* Build configuration list for PBXNativeTarget "creatorProjectUITests" */ = {
			isa = XCConfigurationList;
			buildConfigurations = (
				507DA0F42365E7D500B120FD /* Debug */,
				507DA0F52365E7D500B120FD /* Release */,
			);
			defaultConfigurationIsVisible = 0;
			defaultConfigurationName = Release;
		};
/* End XCConfigurationList section */
	};
	rootObject = 507DA0BB2365E7D300B120FD /* Project object */;
}
